
Microsoft Visual Studio Solution File, Format Version 12.00
# Visual Studio Version 17
VisualStudioVersion = 17.14.36203.30
MinimumVisualStudioVersion = 10.0.40219.1
Project("{FAE04EC0-301F-11D3-BF4B-00C04F79EFBC}") = "LinqToSQLExample", "LinqToSQLExample\LinqToSQLExample.csproj", "{EA982BDA-6DA6-400D-A1C4-6EC4FAA79F60}"
EndProject
Global
	GlobalSection(SolutionConfigurationPlatforms) = preSolution
		Debug|Any CPU = Debug|Any CPU
		Release|Any CPU = Release|Any CPU
	EndGlobalSection
	GlobalSection(ProjectConfigurationPlatforms) = postSolution
		{EA982BDA-6DA6-400D-A1C4-6EC4FAA79F60}.Debug|Any CPU.ActiveCfg = Debug|Any CPU
		{EA982BDA-6DA6-400D-A1C4-6EC4FAA79F60}.Debug|Any CPU.Build.0 = Debug|Any CPU
		{EA982BDA-6DA6-400D-A1C4-6EC4FAA79F60}.Release|Any CPU.ActiveCfg = Release|Any CPU
		{EA982BDA-6DA6-400D-A1C4-6EC4FAA79F60}.Release|Any CPU.Build.0 = Release|Any CPU
	EndGlobalSection
	GlobalSection(SolutionProperties) = preSolution
		HideSolutionNode = FALSE
	EndGlobalSection
	GlobalSection(ExtensibilityGlobals) = postSolution
		SolutionGuid = {C5EC995C-235A-49ED-BFED-F22D24309467}
	EndGlobalSection
EndGlobal
