
Microsoft Visual Studio Solution File, Format Version 12.00
# Visual Studio Version 17
VisualStudioVersion = 17.14.36203.30 d17.14
MinimumVisualStudioVersion = 10.0.40219.1
Project("{FAE04EC0-301F-11D3-BF4B-00C04F79EFBC}") = "MVCDemoApplication", "MVCDemoApplication\MVCDemoApplication.csproj", "{31F855B9-C25F-4023-8BCA-4A1BFA9A89FC}"
EndProject
Global
	GlobalSection(SolutionConfigurationPlatforms) = preSolution
		Debug|Any CPU = Debug|Any CPU
		Release|Any CPU = Release|Any CPU
	EndGlobalSection
	GlobalSection(ProjectConfigurationPlatforms) = postSolution
		{31F855B9-C25F-4023-8BCA-4A1BFA9A89FC}.Debug|Any CPU.ActiveCfg = Debug|Any CPU
		{31F855B9-C25F-4023-8BCA-4A1BFA9A89FC}.Debug|Any CPU.Build.0 = Debug|Any CPU
		{31F855B9-C25F-4023-8BCA-4A1BFA9A89FC}.Release|Any CPU.ActiveCfg = Release|Any CPU
		{31F855B9-C25F-4023-8BCA-4A1BFA9A89FC}.Release|Any CPU.Build.0 = Release|Any CPU
	EndGlobalSection
	GlobalSection(SolutionProperties) = preSolution
		HideSolutionNode = FALSE
	EndGlobalSection
	GlobalSection(ExtensibilityGlobals) = postSolution
		SolutionGuid = {8C6BAB96-5D00-4340-8457-D6C2187BCDE0}
	EndGlobalSection
EndGlobal
